
Microsoft Visual Studio Solution File, Format Version 12.00
# Visual Studio Version 17
VisualStudioVersion = 17.5.002.0
MinimumVisualStudioVersion = 10.0.40219.1
Project("{9A19103F-16F7-4668-BE54-9A1E7A4F7556}") = "Rezet", "Rezet.csproj", "{5E36B6B6-86A6-4CC6-8BB2-ECB85FE3DC4E}"
EndProject
Global
	GlobalSection(SolutionConfigurationPlatforms) = preSolution
		Debug|Any CPU = Debug|Any CPU
		Release|Any CPU = Release|Any CPU
	EndGlobalSection
	GlobalSection(ProjectConfigurationPlatforms) = postSolution
		{5E36B6B6-86A6-4CC6-8BB2-ECB85FE3DC4E}.Debug|Any CPU.ActiveCfg = Debug|Any CPU
		{5E36B6B6-86A6-4CC6-8BB2-ECB85FE3DC4E}.Debug|Any CPU.Build.0 = Debug|Any CPU
		{5E36B6B6-86A6-4CC6-8BB2-ECB85FE3DC4E}.Release|Any CPU.ActiveCfg = Release|Any CPU
		{5E36B6B6-86A6-4CC6-8BB2-ECB85FE3DC4E}.Release|Any CPU.Build.0 = Release|Any CPU
	EndGlobalSection
	GlobalSection(SolutionProperties) = preSolution
		HideSolutionNode = FALSE
	EndGlobalSection
	GlobalSection(ExtensibilityGlobals) = postSolution
		SolutionGuid = {E66A8608-3F5A-4BB3-8972-44A309F54DA5}
	EndGlobalSection
EndGlobal
